
Microsoft Visual Studio Solution File, Format Version 12.00
Project("{FAE04EC0-301F-11D3-BF4B-00C04F79EFBC}") = "TechStoreEll.Web", "TechStoreEll.Web\TechStoreEll.Web.csproj", "{1BF9F179-AC5C-4463-8B9C-82026AA235FB}"
EndProject
Project("{FAE04EC0-301F-11D3-BF4B-00C04F79EFBC}") = "TechStoreEll.Api", "TechStoreEll.Api\TechStoreEll.Api.csproj", "{69BA608C-0AB2-4D10-8AC4-FF902D69F1C3}"
EndProject
Project("{FAE04EC0-301F-11D3-BF4B-00C04F79EFBC}") = "TechStoreEll.Core", "TechStoreEll.Core\TechStoreEll.Core.csproj", "{2F8C485A-BB44-4909-81E6-4517C8E80D2B}"
EndProject
Project("{FAE04EC0-301F-11D3-BF4B-00C04F79EFBC}") = "TechStoreEll.Tests", "TechStoreEll.Tests\TechStoreEll.Tests.csproj", "{0B8A6B5C-A7FE-466C-A3C8-7FB9B96C12C5}"
EndProject
Global
	GlobalSection(SolutionConfigurationPlatforms) = preSolution
		Debug|Any CPU = Debug|Any CPU
		Release|Any CPU = Release|Any CPU
	EndGlobalSection
	GlobalSection(ProjectConfigurationPlatforms) = postSolution
		{1BF9F179-AC5C-4463-8B9C-82026AA235FB}.Debug|Any CPU.ActiveCfg = Debug|Any CPU
		{1BF9F179-AC5C-4463-8B9C-82026AA235FB}.Debug|Any CPU.Build.0 = Debug|Any CPU
		{1BF9F179-AC5C-4463-8B9C-82026AA235FB}.Release|Any CPU.ActiveCfg = Release|Any CPU
		{1BF9F179-AC5C-4463-8B9C-82026AA235FB}.Release|Any CPU.Build.0 = Release|Any CPU
		{69BA608C-0AB2-4D10-8AC4-FF902D69F1C3}.Debug|Any CPU.ActiveCfg = Debug|Any CPU
		{69BA608C-0AB2-4D10-8AC4-FF902D69F1C3}.Debug|Any CPU.Build.0 = Debug|Any CPU
		{69BA608C-0AB2-4D10-8AC4-FF902D69F1C3}.Release|Any CPU.ActiveCfg = Release|Any CPU
		{69BA608C-0AB2-4D10-8AC4-FF902D69F1C3}.Release|Any CPU.Build.0 = Release|Any CPU
		{2F8C485A-BB44-4909-81E6-4517C8E80D2B}.Debug|Any CPU.ActiveCfg = Debug|Any CPU
		{2F8C485A-BB44-4909-81E6-4517C8E80D2B}.Debug|Any CPU.Build.0 = Debug|Any CPU
		{2F8C485A-BB44-4909-81E6-4517C8E80D2B}.Release|Any CPU.ActiveCfg = Release|Any CPU
		{2F8C485A-BB44-4909-81E6-4517C8E80D2B}.Release|Any CPU.Build.0 = Release|Any CPU
		{0B8A6B5C-A7FE-466C-A3C8-7FB9B96C12C5}.Debug|Any CPU.ActiveCfg = Debug|Any CPU
		{0B8A6B5C-A7FE-466C-A3C8-7FB9B96C12C5}.Debug|Any CPU.Build.0 = Debug|Any CPU
		{0B8A6B5C-A7FE-466C-A3C8-7FB9B96C12C5}.Release|Any CPU.ActiveCfg = Release|Any CPU
		{0B8A6B5C-A7FE-466C-A3C8-7FB9B96C12C5}.Release|Any CPU.Build.0 = Release|Any CPU
	EndGlobalSection
EndGlobal
